
Microsoft Visual Studio Solution File, Format Version 12.00
# Visual Studio Version 17
VisualStudioVersion = 17.9.34723.18
MinimumVisualStudioVersion = 10.0.40219.1
Project("{9A19103F-16F7-4668-BE54-9A1E7A4F7556}") = "GerenciadorFinancas", "PWA2\GerenciadorFinancas.csproj", "{76B30388-1A42-4ECC-918C-2E760FCC992A}"
EndProject
Global
	GlobalSection(SolutionConfigurationPlatforms) = preSolution
		Debug|Any CPU = Debug|Any CPU
		Release|Any CPU = Release|Any CPU
	EndGlobalSection
	GlobalSection(ProjectConfigurationPlatforms) = postSolution
		{76B30388-1A42-4ECC-918C-2E760FCC992A}.Debug|Any CPU.ActiveCfg = Debug|Any CPU
		{76B30388-1A42-4ECC-918C-2E760FCC992A}.Debug|Any CPU.Build.0 = Debug|Any CPU
		{76B30388-1A42-4ECC-918C-2E760FCC992A}.Release|Any CPU.ActiveCfg = Release|Any CPU
		{76B30388-1A42-4ECC-918C-2E760FCC992A}.Release|Any CPU.Build.0 = Release|Any CPU
	EndGlobalSection
	GlobalSection(SolutionProperties) = preSolution
		HideSolutionNode = FALSE
	EndGlobalSection
	GlobalSection(ExtensibilityGlobals) = postSolution
		SolutionGuid = {E05AF05A-2DD4-4D67-81F2-100137B79F92}
	EndGlobalSection
EndGlobal
